
Microsoft Visual Studio Solution File, Format Version 12.00
# Visual Studio Version 16
VisualStudioVersion = 16.0.31515.178
MinimumVisualStudioVersion = 10.0.40219.1
Project("{9A19103F-16F7-4668-BE54-9A1E7A4F7556}") = "KannotEven", "KannotEven.csproj", "{2C6F9711-87BC-4FAE-BA6E-B836DA599BD0}"
EndProject
Project("{FAE04EC0-301F-11D3-BF4B-00C04F79EFBC}") = "Tests", "Tests\Tests.csproj", "{BB7775D0-3C5B-4D1D-8D57-0E87C2DADB19}"
EndProject
Global
	GlobalSection(SolutionConfigurationPlatforms) = preSolution
		Debug|Any CPU = Debug|Any CPU
		Release|Any CPU = Release|Any CPU
	EndGlobalSection
	GlobalSection(ProjectConfigurationPlatforms) = postSolution
		{2C6F9711-87BC-4FAE-BA6E-B836DA599BD0}.Debug|Any CPU.ActiveCfg = Debug|Any CPU
		{2C6F9711-87BC-4FAE-BA6E-B836DA599BD0}.Debug|Any CPU.Build.0 = Debug|Any CPU
		{2C6F9711-87BC-4FAE-BA6E-B836DA599BD0}.Release|Any CPU.ActiveCfg = Release|Any CPU
		{2C6F9711-87BC-4FAE-BA6E-B836DA599BD0}.Release|Any CPU.Build.0 = Release|Any CPU
		{BB7775D0-3C5B-4D1D-8D57-0E87C2DADB19}.Debug|Any CPU.ActiveCfg = Debug|Any CPU
		{BB7775D0-3C5B-4D1D-8D57-0E87C2DADB19}.Debug|Any CPU.Build.0 = Debug|Any CPU
		{BB7775D0-3C5B-4D1D-8D57-0E87C2DADB19}.Release|Any CPU.ActiveCfg = Release|Any CPU
		{BB7775D0-3C5B-4D1D-8D57-0E87C2DADB19}.Release|Any CPU.Build.0 = Release|Any CPU
	EndGlobalSection
	GlobalSection(SolutionProperties) = preSolution
		HideSolutionNode = FALSE
	EndGlobalSection
	GlobalSection(ExtensibilityGlobals) = postSolution
		SolutionGuid = {E30ECB6C-5A30-4BB7-887D-B756BE2346B3}
	EndGlobalSection
EndGlobal
